
Microsoft Visual Studio Solution File, Format Version 12.00
# Visual Studio Version 16
VisualStudioVersion = 16.0.30907.101
MinimumVisualStudioVersion = 10.0.40219.1
Project("{FAE04EC0-301F-11D3-BF4B-00C04F79EFBC}") = "RecipesServer", "RecipesServer\RecipesServer.csproj", "{DAAF258D-5380-44DA-B7F0-7F541D1E0593}"
EndProject
Global
	GlobalSection(SolutionConfigurationPlatforms) = preSolution
		Debug|Any CPU = Debug|Any CPU
		Release|Any CPU = Release|Any CPU
	EndGlobalSection
	GlobalSection(ProjectConfigurationPlatforms) = postSolution
		{DAAF258D-5380-44DA-B7F0-7F541D1E0593}.Debug|Any CPU.ActiveCfg = Debug|Any CPU
		{DAAF258D-5380-44DA-B7F0-7F541D1E0593}.Debug|Any CPU.Build.0 = Debug|Any CPU
		{DAAF258D-5380-44DA-B7F0-7F541D1E0593}.Release|Any CPU.ActiveCfg = Release|Any CPU
		{DAAF258D-5380-44DA-B7F0-7F541D1E0593}.Release|Any CPU.Build.0 = Release|Any CPU
	EndGlobalSection
	GlobalSection(SolutionProperties) = preSolution
		HideSolutionNode = FALSE
	EndGlobalSection
	GlobalSection(ExtensibilityGlobals) = postSolution
		SolutionGuid = {065314D9-8665-436E-A64B-1EE0C1410C0F}
	EndGlobalSection
EndGlobal
